
Microsoft Visual Studio Solution File, Format Version 12.00
# Visual Studio Version 17
VisualStudioVersion = 17.11.35312.102
MinimumVisualStudioVersion = 10.0.40219.1
Project("{FAE04EC0-301F-11D3-BF4B-00C04F79EFBC}") = "Arac_Kullanimlari", "Arac_Kullanimlari.csproj", "{9CA20C93-DC7C-4C6A-B35E-5A131FA8BCF9}"
EndProject
Global
	GlobalSection(SolutionConfigurationPlatforms) = preSolution
		Debug|Any CPU = Debug|Any CPU
		Release|Any CPU = Release|Any CPU
	EndGlobalSection
	GlobalSection(ProjectConfigurationPlatforms) = postSolution
		{9CA20C93-DC7C-4C6A-B35E-5A131FA8BCF9}.Debug|Any CPU.ActiveCfg = Debug|Any CPU
		{9CA20C93-DC7C-4C6A-B35E-5A131FA8BCF9}.Debug|Any CPU.Build.0 = Debug|Any CPU
		{9CA20C93-DC7C-4C6A-B35E-5A131FA8BCF9}.Release|Any CPU.ActiveCfg = Release|Any CPU
		{9CA20C93-DC7C-4C6A-B35E-5A131FA8BCF9}.Release|Any CPU.Build.0 = Release|Any CPU
	EndGlobalSection
	GlobalSection(SolutionProperties) = preSolution
		HideSolutionNode = FALSE
	EndGlobalSection
	GlobalSection(ExtensibilityGlobals) = postSolution
		SolutionGuid = {C250D599-DA11-4530-A552-4F711ACE6BFC}
	EndGlobalSection
EndGlobal
